// !$*UTF8*$!
{
	archiveVersion = 1;
	classes = {
	};
	objectVersion = 55;
	objects = {

/* Begin PBXBuildFile section */
		24622614272B1A89009B6965 /* AppDelegate.swift in Sources */ = {isa = PBXBuildFile; fileRef = 24622613272B1A89009B6965 /* AppDelegate.swift */; };
		24622616272B1A89009B6965 /* SceneDelegate.swift in Sources */ = {isa = PBXBuildFile; fileRef = 24622615272B1A89009B6965 /* SceneDelegate.swift */; };
		24622618272B1A89009B6965 /* ViewController.swift in Sources */ = {isa = PBXBuildFile; fileRef = 24622617272B1A89009B6965 /* ViewController.swift */; };
		2462261B272B1A89009B6965 /* Main.storyboard in Resources */ = {isa = PBXBuildFile; fileRef = 24622619272B1A89009B6965 /* Main.storyboard */; };
		2462261D272B1A8B009B6965 /* Assets.xcassets in Resources */ = {isa = PBXBuildFile; fileRef = 2462261C272B1A8B009B6965 /* Assets.xcassets */; };
		24622620272B1A8B009B6965 /* LaunchScreen.storyboard in Resources */ = {isa = PBXBuildFile; fileRef = 2462261E272B1A8B009B6965 /* LaunchScreen.storyboard */; };
		2462262B272B1A8B009B6965 /* StarWarsGuideTests.swift in Sources */ = {isa = PBXBuildFile; fileRef = 2462262A272B1A8B009B6965 /* StarWarsGuideTests.swift */; };
		24622635272B1A8B009B6965 /* StarWarsGuideUITests.swift in Sources */ = {isa = PBXBuildFile; fileRef = 24622634272B1A8B009B6965 /* StarWarsGuideUITests.swift */; };
		24622637272B1A8B009B6965 /* StarWarsGuideUITestsLaunchTests.swift in Sources */ = {isa = PBXBuildFile; fileRef = 24622636272B1A8B009B6965 /* StarWarsGuideUITestsLaunchTests.swift */; };
		24622644272B293E009B6965 /* homeTableViewHeader.xib in Resources */ = {isa = PBXBuildFile; fileRef = 24622643272B293E009B6965 /* homeTableViewHeader.xib */; };
		24622646272B2D4D009B6965 /* HomeTableViewHeader.swift in Sources */ = {isa = PBXBuildFile; fileRef = 24622645272B2D4D009B6965 /* HomeTableViewHeader.swift */; };
/* End PBXBuildFile section */

/* Begin PBXContainerItemProxy section */
		24622627272B1A8B009B6965 /* PBXContainerItemProxy */ = {
			isa = PBXContainerItemProxy;
			containerPortal = 24622608272B1A89009B6965 /* Project object */;
			proxyType = 1;
			remoteGlobalIDString = 2462260F272B1A89009B6965;
			remoteInfo = StarWarsGuide;
		};
		24622631272B1A8B009B6965 /* PBXContainerItemProxy */ = {
			isa = PBXContainerItemProxy;
			containerPortal = 24622608272B1A89009B6965 /* Project object */;
			proxyType = 1;
			remoteGlobalIDString = 2462260F272B1A89009B6965;
			remoteInfo = StarWarsGuide;
		};
/* End PBXContainerItemProxy section */

/* Begin PBXFileReference section */
		24622610272B1A89009B6965 /* StarWarsGuide.app */ = {isa = PBXFileReference; explicitFileType = wrapper.application; includeInIndex = 0; path = StarWarsGuide.app; sourceTree = BUILT_PRODUCTS_DIR; };
		24622613272B1A89009B6965 /* AppDelegate.swift */ = {isa = PBXFileReference; lastKnownFileType = sourcecode.swift; path = AppDelegate.swift; sourceTree = "<group>"; };
		24622615272B1A89009B6965 /* SceneDelegate.swift */ = {isa = PBXFileReference; lastKnownFileType = sourcecode.swift; path = SceneDelegate.swift; sourceTree = "<group>"; };
		24622617272B1A89009B6965 /* ViewController.swift */ = {isa = PBXFileReference; lastKnownFileType = sourcecode.swift; path = ViewController.swift; sourceTree = "<group>"; };
		2462261A272B1A89009B6965 /* Base */ = {isa = PBXFileReference; lastKnownFileType = file.storyboard; name = Base; path = Base.lproj/Main.storyboard; sourceTree = "<group>"; };
		2462261C272B1A8B009B6965 /* Assets.xcassets */ = {isa = PBXFileReference; lastKnownFileType = folder.assetcatalog; path = Assets.xcassets; sourceTree = "<group>"; };
		2462261F272B1A8B009B6965 /* Base */ = {isa = PBXFileReference; lastKnownFileType = file.storyboard; name = Base; path = Base.lproj/LaunchScreen.storyboard; sourceTree = "<group>"; };
		24622621272B1A8B009B6965 /* Info.plist */ = {isa = PBXFileReference; lastKnownFileType = text.plist.xml; path = Info.plist; sourceTree = "<group>"; };
		24622626272B1A8B009B6965 /* StarWarsGuideTests.xctest */ = {isa = PBXFileReference; explicitFileType = wrapper.cfbundle; includeInIndex = 0; path = StarWarsGuideTests.xctest; sourceTree = BUILT_PRODUCTS_DIR; };
		2462262A272B1A8B009B6965 /* StarWarsGuideTests.swift */ = {isa = PBXFileReference; lastKnownFileType = sourcecode.swift; path = StarWarsGuideTests.swift; sourceTree = "<group>"; };
		24622630272B1A8B009B6965 /* StarWarsGuideUITests.xctest */ = {isa = PBXFileReference; explicitFileType = wrapper.cfbundle; includeInIndex = 0; path = StarWarsGuideUITests.xctest; sourceTree = BUILT_PRODUCTS_DIR; };
		24622634272B1A8B009B6965 /* StarWarsGuideUITests.swift */ = {isa = PBXFileReference; lastKnownFileType = sourcecode.swift; path = StarWarsGuideUITests.swift; sourceTree = "<group>"; };
		24622636272B1A8B009B6965 /* StarWarsGuideUITestsLaunchTests.swift */ = {isa = PBXFileReference; lastKnownFileType = sourcecode.swift; path = StarWarsGuideUITestsLaunchTests.swift; sourceTree = "<group>"; };
		24622643272B293E009B6965 /* homeTableViewHeader.xib */ = {isa = PBXFileReference; lastKnownFileType = file.xib; path = homeTableViewHeader.xib; sourceTree = "<group>"; };
		24622645272B2D4D009B6965 /* HomeTableViewHeader.swift */ = {isa = PBXFileReference; lastKnownFileType = sourcecode.swift; path = HomeTableViewHeader.swift; sourceTree = "<group>"; };
/* End PBXFileReference section */

/* Begin PBXFrameworksBuildPhase section */
		2462260D272B1A89009B6965 /* Frameworks */ = {
			isa = PBXFrameworksBuildPhase;
			buildActionMask = 2147483647;
			files = (
			);
			runOnlyForDeploymentPostprocessing = 0;
		};
		24622623272B1A8B009B6965 /* Frameworks */ = {
			isa = PBXFrameworksBuildPhase;
			buildActionMask = 2147483647;
			files = (
			);
			runOnlyForDeploymentPostprocessing = 0;
		};
		2462262D272B1A8B009B6965 /* Frameworks */ = {
			isa = PBXFrameworksBuildPhase;
			buildActionMask = 2147483647;
			files = (
			);
			runOnlyForDeploymentPostprocessing = 0;
		};
/* End PBXFrameworksBuildPhase section */

/* Begin PBXGroup section */
		24622607272B1A89009B6965 = {
			isa = PBXGroup;
			children = (
				24622612272B1A89009B6965 /* StarWarsGuide */,
				24622629272B1A8B009B6965 /* StarWarsGuideTests */,
				24622633272B1A8B009B6965 /* StarWarsGuideUITests */,
				24622611272B1A89009B6965 /* Products */,
			);
			sourceTree = "<group>";
		};
		24622611272B1A89009B6965 /* Products */ = {
			isa = PBXGroup;
			children = (
				24622610272B1A89009B6965 /* StarWarsGuide.app */,
				24622626272B1A8B009B6965 /* StarWarsGuideTests.xctest */,
				24622630272B1A8B009B6965 /* StarWarsGuideUITests.xctest */,
			);
			name = Products;
			sourceTree = "<group>";
		};
		24622612272B1A89009B6965 /* StarWarsGuide */ = {
			isa = PBXGroup;
			children = (
				24BD67E5272DAD82004C55BA /* AppDelegate */,
				24BD67E6272DADC4004C55BA /* Models */,
				2462261C272B1A8B009B6965 /* Assets.xcassets */,
				2462261E272B1A8B009B6965 /* LaunchScreen.storyboard */,
				24622621272B1A8B009B6965 /* Info.plist */,
			);
			path = StarWarsGuide;
			sourceTree = "<group>";
		};
		24622629272B1A8B009B6965 /* StarWarsGuideTests */ = {
			isa = PBXGroup;
			children = (
				2462262A272B1A8B009B6965 /* StarWarsGuideTests.swift */,
			);
			path = StarWarsGuideTests;
			sourceTree = "<group>";
		};
		24622633272B1A8B009B6965 /* StarWarsGuideUITests */ = {
			isa = PBXGroup;
			children = (
				24622634272B1A8B009B6965 /* StarWarsGuideUITests.swift */,
				24622636272B1A8B009B6965 /* StarWarsGuideUITestsLaunchTests.swift */,
			);
			path = StarWarsGuideUITests;
			sourceTree = "<group>";
		};
		24BD67E5272DAD82004C55BA /* AppDelegate */ = {
			isa = PBXGroup;
			children = (
				24622613272B1A89009B6965 /* AppDelegate.swift */,
				24622615272B1A89009B6965 /* SceneDelegate.swift */,
			);
			path = AppDelegate;
			sourceTree = "<group>";
		};
		24BD67E6272DADC4004C55BA /* Models */ = {
			isa = PBXGroup;
			children = (
				24BD67E7272DAE2B004C55BA /* Header */,
				24622619272B1A89009B6965 /* Main.storyboard */,
				24622617272B1A89009B6965 /* ViewController.swift */,
			);
			path = Models;
			sourceTree = "<group>";
		};
		24BD67E7272DAE2B004C55BA /* Header */ = {
			isa = PBXGroup;
			children = (
				24622643272B293E009B6965 /* homeTableViewHeader.xib */,
				24622645272B2D4D009B6965 /* HomeTableViewHeader.swift */,
			);
			path = Header;
			sourceTree = "<group>";
		};
/* End PBXGroup section */

/* Begin PBXNativeTarget section */
		2462260F272B1A89009B6965 /* StarWarsGuide */ = {
			isa = PBXNativeTarget;
			buildConfigurationList = 2462263A272B1A8B009B6965 /* Build configuration list for PBXNativeTarget "StarWarsGuide" */;
			buildPhases = (
				2462260C272B1A89009B6965 /* Sources */,
				2462260D272B1A89009B6965 /* Frameworks */,
				2462260E272B1A89009B6965 /* Resources */,
			);
			buildRules = (
			);
			dependencies = (
			);
			name = StarWarsGuide;
			productName = StarWarsGuide;
			productReference = 24622610272B1A89009B6965 /* StarWarsGuide.app */;
			productType = "com.apple.product-type.application";
		};
		24622625272B1A8B009B6965 /* StarWarsGuideTests */ = {
			isa = PBXNativeTarget;
			buildConfigurationList = 2462263D272B1A8B009B6965 /* Build configuration list for PBXNativeTarget "StarWarsGuideTests" */;
			buildPhases = (
				24622622272B1A8B009B6965 /* Sources */,
				24622623272B1A8B009B6965 /* Frameworks */,
				24622624272B1A8B009B6965 /* Resources */,
			);
			buildRules = (
			);
			dependencies = (
				24622628272B1A8B009B6965 /* PBXTargetDependency */,
			);
			name = StarWarsGuideTests;
			productName = StarWarsGuideTests;
			productReference = 24622626272B1A8B009B6965 /* StarWarsGuideTests.xctest */;
			productType = "com.apple.product-type.bundle.unit-test";
		};
		2462262F272B1A8B009B6965 /* StarWarsGuideUITests */ = {
			isa = PBXNativeTarget;
			buildConfigurationList = 24622640272B1A8B009B6965 /* Build configuration list for PBXNativeTarget "StarWarsGuideUITests" */;
			buildPhases = (
				2462262C272B1A8B009B6965 /* Sources */,
				2462262D272B1A8B009B6965 /* Frameworks */,
				2462262E272B1A8B009B6965 /* Resources */,
			);
			buildRules = (
			);
			dependencies = (
				24622632272B1A8B009B6965 /* PBXTargetDependency */,
			);
			name = StarWarsGuideUITests;
			productName = StarWarsGuideUITests;
			productReference = 24622630272B1A8B009B6965 /* StarWarsGuideUITests.xctest */;
			productType = "com.apple.product-type.bundle.ui-testing";
		};
/* End PBXNativeTarget section */

/* Begin PBXProject section */
		24622608272B1A89009B6965 /* Project object */ = {
			isa = PBXProject;
			attributes = {
				BuildIndependentTargetsInParallel = 1;
				LastSwiftUpdateCheck = 1310;
				LastUpgradeCheck = 1310;
				TargetAttributes = {
					2462260F272B1A89009B6965 = {
						CreatedOnToolsVersion = 13.1;
					};
					24622625272B1A8B009B6965 = {
						CreatedOnToolsVersion = 13.1;
						TestTargetID = 2462260F272B1A89009B6965;
					};
					2462262F272B1A8B009B6965 = {
						CreatedOnToolsVersion = 13.1;
						TestTargetID = 2462260F272B1A89009B6965;
					};
				};
			};
			buildConfigurationList = 2462260B272B1A89009B6965 /* Build configuration list for PBXProject "StarWarsGuide" */;
			compatibilityVersion = "Xcode 13.0";
			developmentRegion = en;
			hasScannedForEncodings = 0;
			knownRegions = (
				en,
				Base,
			);
			mainGroup = 24622607272B1A89009B6965;
			productRefGroup = 24622611272B1A89009B6965 /* Products */;
			projectDirPath = "";
			projectRoot = "";
			targets = (
				2462260F272B1A89009B6965 /* StarWarsGuide */,
				24622625272B1A8B009B6965 /* StarWarsGuideTests */,
				2462262F272B1A8B009B6965 /* StarWarsGuideUITests */,
			);
		};
/* End PBXProject section */

/* Begin PBXResourcesBuildPhase section */
		2462260E272B1A89009B6965 /* Resources */ = {
			isa = PBXResourcesBuildPhase;
			buildActionMask = 2147483647;
			files = (
				24622620272B1A8B009B6965 /* LaunchScreen.storyboard in Resources */,
				24622644272B293E009B6965 /* homeTableViewHeader.xib in Resources */,
				2462261D272B1A8B009B6965 /* Assets.xcassets in Resources */,
				2462261B272B1A89009B6965 /* Main.storyboard in Resources */,
			);
			runOnlyForDeploymentPostprocessing = 0;
		};
		24622624272B1A8B009B6965 /* Resources */ = {
			isa = PBXResourcesBuildPhase;
			buildActionMask = 2147483647;
			files = (
			);
			runOnlyForDeploymentPostprocessing = 0;
		};
		2462262E272B1A8B009B6965 /* Resources */ = {
			isa = PBXResourcesBuildPhase;
			buildActionMask = 2147483647;
			files = (
			);
			runOnlyForDeploymentPostprocessing = 0;
		};
/* End PBXResourcesBuildPhase section */

/* Begin PBXSourcesBuildPhase section */
		2462260C272B1A89009B6965 /* Sources */ = {
			isa = PBXSourcesBuildPhase;
			buildActionMask = 2147483647;
			files = (
				24622618272B1A89009B6965 /* ViewController.swift in Sources */,
				24622646272B2D4D009B6965 /* HomeTableViewHeader.swift in Sources */,
				24622614272B1A89009B6965 /* AppDelegate.swift in Sources */,
				24622616272B1A89009B6965 /* SceneDelegate.swift in Sources */,
			);
			runOnlyForDeploymentPostprocessing = 0;
		};
		24622622272B1A8B009B6965 /* Sources */ = {
			isa = PBXSourcesBuildPhase;
			buildActionMask = 2147483647;
			files = (
				2462262B272B1A8B009B6965 /* StarWarsGuideTests.swift in Sources */,
			);
			runOnlyForDeploymentPostprocessing = 0;
		};
		2462262C272B1A8B009B6965 /* Sources */ = {
			isa = PBXSourcesBuildPhase;
			buildActionMask = 2147483647;
			files = (
				24622637272B1A8B009B6965 /* StarWarsGuideUITestsLaunchTests.swift in Sources */,
				24622635272B1A8B009B6965 /* StarWarsGuideUITests.swift in Sources */,
			);
			runOnlyForDeploymentPostprocessing = 0;
		};
/* End PBXSourcesBuildPhase section */

/* Begin PBXTargetDependency section */
		24622628272B1A8B009B6965 /* PBXTargetDependency */ = {
			isa = PBXTargetDependency;
			target = 2462260F272B1A89009B6965 /* StarWarsGuide */;
			targetProxy = 24622627272B1A8B009B6965 /* PBXContainerItemProxy */;
		};
		24622632272B1A8B009B6965 /* PBXTargetDependency */ = {
			isa = PBXTargetDependency;
			target = 2462260F272B1A89009B6965 /* StarWarsGuide */;
			targetProxy = 24622631272B1A8B009B6965 /* PBXContainerItemProxy */;
		};
/* End PBXTargetDependency section */

/* Begin PBXVariantGroup section */
		24622619272B1A89009B6965 /* Main.storyboard */ = {
			isa = PBXVariantGroup;
			children = (
				2462261A272B1A89009B6965 /* Base */,
			);
			name = Main.storyboard;
			sourceTree = "<group>";
		};
		2462261E272B1A8B009B6965 /* LaunchScreen.storyboard */ = {
			isa = PBXVariantGroup;
			children = (
				2462261F272B1A8B009B6965 /* Base */,
			);
			name = LaunchScreen.storyboard;
			sourceTree = "<group>";
		};
/* End PBXVariantGroup section */

/* Begin XCBuildConfiguration section */
		24622638272B1A8B009B6965 /* Debug */ = {
			isa = XCBuildConfiguration;
			buildSettings = {
				ALWAYS_SEARCH_USER_PATHS = NO;
				CLANG_ANALYZER_NONNULL = YES;
				CLANG_ANALYZER_NUMBER_OBJECT_CONVERSION = YES_AGGRESSIVE;
				CLANG_CXX_LANGUAGE_STANDARD = "gnu++17";
				CLANG_CXX_LIBRARY = "libc++";
				CLANG_ENABLE_MODULES = YES;
				CLANG_ENABLE_OBJC_ARC = YES;
				CLANG_ENABLE_OBJC_WEAK = YES;
				CLANG_WARN_BLOCK_CAPTURE_AUTORELEASING = YES;
				CLANG_WARN_BOOL_CONVERSION = YES;
				CLANG_WARN_COMMA = YES;
				CLANG_WARN_CONSTANT_CONVERSION = YES;
				CLANG_WARN_DEPRECATED_OBJC_IMPLEMENTATIONS = YES;
				CLANG_WARN_DIRECT_OBJC_ISA_USAGE = YES_ERROR;
				CLANG_WARN_DOCUMENTATION_COMMENTS = YES;
				CLANG_WARN_EMPTY_BODY = YES;
				CLANG_WARN_ENUM_CONVERSION = YES;
				CLANG_WARN_INFINITE_RECURSION = YES;
				CLANG_WARN_INT_CONVERSION = YES;
				CLANG_WARN_NON_LITERAL_NULL_CONVERSION = YES;
				CLANG_WARN_OBJC_IMPLICIT_RETAIN_SELF = YES;
				CLANG_WARN_OBJC_LITERAL_CONVERSION = YES;
				CLANG_WARN_OBJC_ROOT_CLASS = YES_ERROR;
				CLANG_WARN_QUOTED_INCLUDE_IN_FRAMEWORK_HEADER = YES;
				CLANG_WARN_RANGE_LOOP_ANALYSIS = YES;
				CLANG_WARN_STRICT_PROTOTYPES = YES;
				CLANG_WARN_SUSPICIOUS_MOVE = YES;
				CLANG_WARN_UNGUARDED_AVAILABILITY = YES_AGGRESSIVE;
				CLANG_WARN_UNREACHABLE_CODE = YES;
				CLANG_WARN__DUPLICATE_METHOD_MATCH = YES;
				COPY_PHASE_STRIP = NO;
				DEBUG_INFORMATION_FORMAT = dwarf;
				ENABLE_STRICT_OBJC_MSGSEND = YES;
				ENABLE_TESTABILITY = YES;
				GCC_C_LANGUAGE_STANDARD = gnu11;
				GCC_DYNAMIC_NO_PIC = NO;
				GCC_NO_COMMON_BLOCKS = YES;
				GCC_OPTIMIZATION_LEVEL = 0;
				GCC_PREPROCESSOR_DEFINITIONS = (
					"DEBUG=1",
					"$(inherited)",
				);
				GCC_WARN_64_TO_32_BIT_CONVERSION = YES;
				GCC_WARN_ABOUT_RETURN_TYPE = YES_ERROR;
				GCC_WARN_UNDECLARED_SELECTOR = YES;
				GCC_WARN_UNINITIALIZED_AUTOS = YES_AGGRESSIVE;
				GCC_WARN_UNUSED_FUNCTION = YES;
				GCC_WARN_UNUSED_VARIABLE = YES;
				IPHONEOS_DEPLOYMENT_TARGET = 15.0;
				MTL_ENABLE_DEBUG_INFO = INCLUDE_SOURCE;
				MTL_FAST_MATH = YES;
				ONLY_ACTIVE_ARCH = YES;
				SDKROOT = iphoneos;
				SWIFT_ACTIVE_COMPILATION_CONDITIONS = DEBUG;
				SWIFT_OPTIMIZATION_LEVEL = "-Onone";
			};
			name = Debug;
		};
		24622639272B1A8B009B6965 /* Release */ = {
			isa = XCBuildConfiguration;
			buildSettings = {
				ALWAYS_SEARCH_USER_PATHS = NO;
				CLANG_ANALYZER_NONNULL = YES;
				CLANG_ANALYZER_NUMBER_OBJECT_CONVERSION = YES_AGGRESSIVE;
				CLANG_CXX_LANGUAGE_STANDARD = "gnu++17";
				CLANG_CXX_LIBRARY = "libc++";
				CLANG_ENABLE_MODULES = YES;
				CLANG_ENABLE_OBJC_ARC = YES;
				CLANG_ENABLE_OBJC_WEAK = YES;
				CLANG_WARN_BLOCK_CAPTURE_AUTORELEASING = YES;
				CLANG_WARN_BOOL_CONVERSION = YES;
				CLANG_WARN_COMMA = YES;
				CLANG_WARN_CONSTANT_CONVERSION = YES;
				CLANG_WARN_DEPRECATED_OBJC_IMPLEMENTATIONS = YES;
				CLANG_WARN_DIRECT_OBJC_ISA_USAGE = YES_ERROR;
				CLANG_WARN_DOCUMENTATION_COMMENTS = YES;
				CLANG_WARN_EMPTY_BODY = YES;
				CLANG_WARN_ENUM_CONVERSION = YES;
				CLANG_WARN_INFINITE_RECURSION = YES;
				CLANG_WARN_INT_CONVERSION = YES;
				CLANG_WARN_NON_LITERAL_NULL_CONVERSION = YES;
				CLANG_WARN_OBJC_IMPLICIT_RETAIN_SELF = YES;
				CLANG_WARN_OBJC_LITERAL_CONVERSION = YES;
				CLANG_WARN_OBJC_ROOT_CLASS = YES_ERROR;
				CLANG_WARN_QUOTED_INCLUDE_IN_FRAMEWORK_HEADER = YES;
				CLANG_WARN_RANGE_LOOP_ANALYSIS = YES;
				CLANG_WARN_STRICT_PROTOTYPES = YES;
				CLANG_WARN_SUSPICIOUS_MOVE = YES;
				CLANG_WARN_UNGUARDED_AVAILABILITY = YES_AGGRESSIVE;
				CLANG_WARN_UNREACHABLE_CODE = YES;
				CLANG_WARN__DUPLICATE_METHOD_MATCH = YES;
				COPY_PHASE_STRIP = NO;
				DEBUG_INFORMATION_FORMAT = "dwarf-with-dsym";
				ENABLE_NS_ASSERTIONS = NO;
				ENABLE_STRICT_OBJC_MSGSEND = YES;
				GCC_C_LANGUAGE_STANDARD = gnu11;
				GCC_NO_COMMON_BLOCKS = YES;
				GCC_WARN_64_TO_32_BIT_CONVERSION = YES;
				GCC_WARN_ABOUT_RETURN_TYPE = YES_ERROR;
				GCC_WARN_UNDECLARED_SELECTOR = YES;
				GCC_WARN_UNINITIALIZED_AUTOS = YES_AGGRESSIVE;
				GCC_WARN_UNUSED_FUNCTION = YES;
				GCC_WARN_UNUSED_VARIABLE = YES;
				IPHONEOS_DEPLOYMENT_TARGET = 15.0;
				MTL_ENABLE_DEBUG_INFO = NO;
				MTL_FAST_MATH = YES;
				SDKROOT = iphoneos;
				SWIFT_COMPILATION_MODE = wholemodule;
				SWIFT_OPTIMIZATION_LEVEL = "-O";
				VALIDATE_PRODUCT = YES;
			};
			name = Release;
		};
		2462263B272B1A8B009B6965 /* Debug */ = {
			isa = XCBuildConfiguration;
			buildSettings = {
				ASSETCATALOG_COMPILER_APPICON_NAME = AppIcon;
				ASSETCATALOG_COMPILER_GLOBAL_ACCENT_COLOR_NAME = AccentColor;
				CODE_SIGN_STYLE = Automatic;
				CURRENT_PROJECT_VERSION = 1;
				DEVELOPMENT_TEAM = AFQRBGJYTN;
				GENERATE_INFOPLIST_FILE = YES;
				INFOPLIST_FILE = StarWarsGuide/Info.plist;
				INFOPLIST_KEY_UIApplicationSupportsIndirectInputEvents = YES;
				INFOPLIST_KEY_UILaunchStoryboardName = LaunchScreen;
				INFOPLIST_KEY_UIMainStoryboardFile = Main;
				INFOPLIST_KEY_UISupportedInterfaceOrientations_iPad = "UIInterfaceOrientationPortrait UIInterfaceOrientationPortraitUpsideDown UIInterfaceOrientationLandscapeLeft UIInterfaceOrientationLandscapeRight";
				INFOPLIST_KEY_UISupportedInterfaceOrientations_iPhone = "UIInterfaceOrientationPortrait UIInterfaceOrientationLandscapeLeft UIInterfaceOrientationLandscapeRight";
				LD_RUNPATH_SEARCH_PATHS = (
					"$(inherited)",
					"@executable_path/Frameworks",
				);
				MARKETING_VERSION = 1.0;
				PRODUCT_BUNDLE_IDENTIFIER = nica.StarWarsGuide;
				PRODUCT_NAME = "$(TARGET_NAME)";
				SWIFT_EMIT_LOC_STRINGS = YES;
				SWIFT_VERSION = 5.0;
				TARGETED_DEVICE_FAMILY = "1,2";
			};
			name = Debug;
		};
		2462263C272B1A8B009B6965 /* Release */ = {
			isa = XCBuildConfiguration;
			buildSettings = {
				ASSETCATALOG_COMPILER_APPICON_NAME = AppIcon;
				ASSETCATALOG_COMPILER_GLOBAL_ACCENT_COLOR_NAME = AccentColor;
				CODE_SIGN_STYLE = Automatic;
				CURRENT_PROJECT_VERSION = 1;
				DEVELOPMENT_TEAM = AFQRBGJYTN;
				GENERATE_INFOPLIST_FILE = YES;
				INFOPLIST_FILE = StarWarsGuide/Info.plist;
				INFOPLIST_KEY_UIApplicationSupportsIndirectInputEvents = YES;
				INFOPLIST_KEY_UILaunchStoryboardName = LaunchScreen;
				INFOPLIST_KEY_UIMainStoryboardFile = Main;
				INFOPLIST_KEY_UISupportedInterfaceOrientations_iPad = "UIInterfaceOrientationPortrait UIInterfaceOrientationPortraitUpsideDown UIInterfaceOrientationLandscapeLeft UIInterfaceOrientationLandscapeRight";
				INFOPLIST_KEY_UISupportedInterfaceOrientations_iPhone = "UIInterfaceOrientationPortrait UIInterfaceOrientationLandscapeLeft UIInterfaceOrientationLandscapeRight";
				LD_RUNPATH_SEARCH_PATHS = (
					"$(inherited)",
					"@executable_path/Frameworks",
				);
				MARKETING_VERSION = 1.0;
				PRODUCT_BUNDLE_IDENTIFIER = nica.StarWarsGuide;
				PRODUCT_NAME = "$(TARGET_NAME)";
				SWIFT_EMIT_LOC_STRINGS = YES;
				SWIFT_VERSION = 5.0;
				TARGETED_DEVICE_FAMILY = "1,2";
			};
			name = Release;
		};
		2462263E272B1A8B009B6965 /* Debug */ = {
			isa = XCBuildConfiguration;
			buildSettings = {
				ALWAYS_EMBED_SWIFT_STANDARD_LIBRARIES = YES;
				BUNDLE_LOADER = "$(TEST_HOST)";
				CODE_SIGN_STYLE = Automatic;
				CURRENT_PROJECT_VERSION = 1;
				DEVELOPMENT_TEAM = AFQRBGJYTN;
				GENERATE_INFOPLIST_FILE = YES;
				IPHONEOS_DEPLOYMENT_TARGET = 15.0;
				LD_RUNPATH_SEARCH_PATHS = (
					"$(inherited)",
					"@executable_path/Frameworks",
					"@loader_path/Frameworks",
				);
				MARKETING_VERSION = 1.0;
				PRODUCT_BUNDLE_IDENTIFIER = nica.StarWarsGuideTests;
				PRODUCT_NAME = "$(TARGET_NAME)";
				SWIFT_EMIT_LOC_STRINGS = NO;
				SWIFT_VERSION = 5.0;
				TARGETED_DEVICE_FAMILY = "1,2";
				TEST_HOST = "$(BUILT_PRODUCTS_DIR)/StarWarsGuide.app/StarWarsGuide";
			};
			name = Debug;
		};
		2462263F272B1A8B009B6965 /* Release */ = {
			isa = XCBuildConfiguration;
			buildSettings = {
				ALWAYS_EMBED_SWIFT_STANDARD_LIBRARIES = YES;
				BUNDLE_LOADER = "$(TEST_HOST)";
				CODE_SIGN_STYLE = Automatic;
				CURRENT_PROJECT_VERSION = 1;
				DEVELOPMENT_TEAM = AFQRBGJYTN;
				GENERATE_INFOPLIST_FILE = YES;
				IPHONEOS_DEPLOYMENT_TARGET = 15.0;
				LD_RUNPATH_SEARCH_PATHS = (
					"$(inherited)",
					"@executable_path/Frameworks",
					"@loader_path/Frameworks",
				);
				MARKETING_VERSION = 1.0;
				PRODUCT_BUNDLE_IDENTIFIER = nica.StarWarsGuideTests;
				PRODUCT_NAME = "$(TARGET_NAME)";
				SWIFT_EMIT_LOC_STRINGS = NO;
				SWIFT_VERSION = 5.0;
				TARGETED_DEVICE_FAMILY = "1,2";
				TEST_HOST = "$(BUILT_PRODUCTS_DIR)/StarWarsGuide.app/StarWarsGuide";
			};
			name = Release;
		};
		24622641272B1A8B009B6965 /* Debug */ = {
			isa = XCBuildConfiguration;
			buildSettings = {
				ALWAYS_EMBED_SWIFT_STANDARD_LIBRARIES = YES;
				CODE_SIGN_STYLE = Automatic;
				CURRENT_PROJECT_VERSION = 1;
				DEVELOPMENT_TEAM = AFQRBGJYTN;
				GENERATE_INFOPLIST_FILE = YES;
				LD_RUNPATH_SEARCH_PATHS = (
					"$(inherited)",
					"@executable_path/Frameworks",
					"@loader_path/Frameworks",
				);
				MARKETING_VERSION = 1.0;
				PRODUCT_BUNDLE_IDENTIFIER = nica.StarWarsGuideUITests;
				PRODUCT_NAME = "$(TARGET_NAME)";
				SWIFT_EMIT_LOC_STRINGS = NO;
				SWIFT_VERSION = 5.0;
				TARGETED_DEVICE_FAMILY = "1,2";
				TEST_TARGET_NAME = StarWarsGuide;
			};
			name = Debug;
		};
		24622642272B1A8B009B6965 /* Release */ = {
			isa = XCBuildConfiguration;
			buildSettings = {
				ALWAYS_EMBED_SWIFT_STANDARD_LIBRARIES = YES;
				CODE_SIGN_STYLE = Automatic;
				CURRENT_PROJECT_VERSION = 1;
				DEVELOPMENT_TEAM = AFQRBGJYTN;
				GENERATE_INFOPLIST_FILE = YES;
				LD_RUNPATH_SEARCH_PATHS = (
					"$(inherited)",
					"@executable_path/Frameworks",
					"@loader_path/Frameworks",
				);
				MARKETING_VERSION = 1.0;
				PRODUCT_BUNDLE_IDENTIFIER = nica.StarWarsGuideUITests;
				PRODUCT_NAME = "$(TARGET_NAME)";
				SWIFT_EMIT_LOC_STRINGS = NO;
				SWIFT_VERSION = 5.0;
				TARGETED_DEVICE_FAMILY = "1,2";
				TEST_TARGET_NAME = StarWarsGuide;
			};
			name = Release;
		};
/* End XCBuildConfiguration section */

/* Begin XCConfigurationList section */
		2462260B272B1A89009B6965 /* Build configuration list for PBXProject "StarWarsGuide" */ = {
			isa = XCConfigurationList;
			buildConfigurations = (
				24622638272B1A8B009B6965 /* Debug */,
				24622639272B1A8B009B6965 /* Release */,
			);
			defaultConfigurationIsVisible = 0;
			defaultConfigurationName = Release;
		};
		2462263A272B1A8B009B6965 /* Build configuration list for PBXNativeTarget "StarWarsGuide" */ = {
			isa = XCConfigurationList;
			buildConfigurations = (
				2462263B272B1A8B009B6965 /* Debug */,
				2462263C272B1A8B009B6965 /* Release */,
			);
			defaultConfigurationIsVisible = 0;
			defaultConfigurationName = Release;
		};
		2462263D272B1A8B009B6965 /* Build configuration list for PBXNativeTarget "StarWarsGuideTests" */ = {
			isa = XCConfigurationList;
			buildConfigurations = (
				2462263E272B1A8B009B6965 /* Debug */,
				2462263F272B1A8B009B6965 /* Release */,
			);
			defaultConfigurationIsVisible = 0;
			defaultConfigurationName = Release;
		};
		24622640272B1A8B009B6965 /* Build configuration list for PBXNativeTarget "StarWarsGuideUITests" */ = {
			isa = XCConfigurationList;
			buildConfigurations = (
				24622641272B1A8B009B6965 /* Debug */,
				24622642272B1A8B009B6965 /* Release */,
			);
			defaultConfigurationIsVisible = 0;
			defaultConfigurationName = Release;
		};
/* End XCConfigurationList section */
	};
	rootObject = 24622608272B1A89009B6965 /* Project object */;
}
